
Microsoft Visual Studio Solution File, Format Version 12.00
# Visual Studio 15
VisualStudioVersion = 15.0.28307.705
MinimumVisualStudioVersion = 10.0.40219.1
Project("{FAE04EC0-301F-11D3-BF4B-00C04F79EFBC}") = "InterfaceAndImpl", "InterfaceAndImpl\InterfaceAndImpl.csproj", "{D83A2194-CE64-4BAE-AF4C-F041DE92A612}"
EndProject
Project("{FAE04EC0-301F-11D3-BF4B-00C04F79EFBC}") = "App", "App\App.csproj", "{F7C61655-AEB1-44FE-9854-56EC4AC35366}"
EndProject
Project("{9A19103F-16F7-4668-BE54-9A1E7A4F7556}") = "Demo", "Demo\Demo.csproj", "{476E8012-06F0-4BAD-B822-D7B998FD7526}"
EndProject
Global
	GlobalSection(SolutionConfigurationPlatforms) = preSolution
		Debug|Any CPU = Debug|Any CPU
		Release|Any CPU = Release|Any CPU
	EndGlobalSection
	GlobalSection(ProjectConfigurationPlatforms) = postSolution
		{D83A2194-CE64-4BAE-AF4C-F041DE92A612}.Debug|Any CPU.ActiveCfg = Debug|Any CPU
		{D83A2194-CE64-4BAE-AF4C-F041DE92A612}.Debug|Any CPU.Build.0 = Debug|Any CPU
		{D83A2194-CE64-4BAE-AF4C-F041DE92A612}.Release|Any CPU.ActiveCfg = Release|Any CPU
		{D83A2194-CE64-4BAE-AF4C-F041DE92A612}.Release|Any CPU.Build.0 = Release|Any CPU
		{F7C61655-AEB1-44FE-9854-56EC4AC35366}.Debug|Any CPU.ActiveCfg = Debug|Any CPU
		{F7C61655-AEB1-44FE-9854-56EC4AC35366}.Debug|Any CPU.Build.0 = Debug|Any CPU
		{F7C61655-AEB1-44FE-9854-56EC4AC35366}.Release|Any CPU.ActiveCfg = Release|Any CPU
		{F7C61655-AEB1-44FE-9854-56EC4AC35366}.Release|Any CPU.Build.0 = Release|Any CPU
		{476E8012-06F0-4BAD-B822-D7B998FD7526}.Debug|Any CPU.ActiveCfg = Debug|Any CPU
		{476E8012-06F0-4BAD-B822-D7B998FD7526}.Debug|Any CPU.Build.0 = Debug|Any CPU
		{476E8012-06F0-4BAD-B822-D7B998FD7526}.Release|Any CPU.ActiveCfg = Release|Any CPU
		{476E8012-06F0-4BAD-B822-D7B998FD7526}.Release|Any CPU.Build.0 = Release|Any CPU
	EndGlobalSection
	GlobalSection(SolutionProperties) = preSolution
		HideSolutionNode = FALSE
	EndGlobalSection
	GlobalSection(ExtensibilityGlobals) = postSolution
		SolutionGuid = {BDFDC0CF-5F8E-415B-BCBC-0B3BD128FFF7}
	EndGlobalSection
EndGlobal
